
Microsoft Visual Studio Solution File, Format Version 12.00
# Visual Studio 15
VisualStudioVersion = 15.0.26430.13
MinimumVisualStudioVersion = 10.0.40219.1
Project("{FAE04EC0-301F-11D3-BF4B-00C04F79EFBC}") = "Woobster", "Woobster\Woobster.csproj", "{B5C76EB0-F5A2-485A-AD1D-33B47728941E}"
EndProject
Project("{FAE04EC0-301F-11D3-BF4B-00C04F79EFBC}") = "Woobster.Tests", "Woobster.Tests\Woobster.Tests.csproj", "{19BDC209-9B7D-4B03-971F-7BB5273CA819}"
EndProject
Global
	GlobalSection(SolutionConfigurationPlatforms) = preSolution
		Debug|Any CPU = Debug|Any CPU
		Release|Any CPU = Release|Any CPU
	EndGlobalSection
	GlobalSection(ProjectConfigurationPlatforms) = postSolution
		{B5C76EB0-F5A2-485A-AD1D-33B47728941E}.Debug|Any CPU.ActiveCfg = Debug|Any CPU
		{B5C76EB0-F5A2-485A-AD1D-33B47728941E}.Debug|Any CPU.Build.0 = Debug|Any CPU
		{B5C76EB0-F5A2-485A-AD1D-33B47728941E}.Release|Any CPU.ActiveCfg = Release|Any CPU
		{B5C76EB0-F5A2-485A-AD1D-33B47728941E}.Release|Any CPU.Build.0 = Release|Any CPU
		{19BDC209-9B7D-4B03-971F-7BB5273CA819}.Debug|Any CPU.ActiveCfg = Debug|Any CPU
		{19BDC209-9B7D-4B03-971F-7BB5273CA819}.Debug|Any CPU.Build.0 = Debug|Any CPU
		{19BDC209-9B7D-4B03-971F-7BB5273CA819}.Release|Any CPU.ActiveCfg = Release|Any CPU
		{19BDC209-9B7D-4B03-971F-7BB5273CA819}.Release|Any CPU.Build.0 = Release|Any CPU
	EndGlobalSection
	GlobalSection(SolutionProperties) = preSolution
		HideSolutionNode = FALSE
	EndGlobalSection
EndGlobal
